
Microsoft Visual Studio Solution File, Format Version 12.00
# Visual Studio Version 17
VisualStudioVersion = 17.5.33627.172
MinimumVisualStudioVersion = 10.0.40219.1
Project("{FAE04EC0-301F-11D3-BF4B-00C04F79EFBC}") = "MyLinkedListProj", "MyLinkedListProj\MyLinkedListProj.csproj", "{3DDBC450-36E7-48AF-A00C-34F88AF73404}"
EndProject
Project("{FAE04EC0-301F-11D3-BF4B-00C04F79EFBC}") = "MyQueue", "MyQueue\MyQueue.csproj", "{114504FC-E3C4-4EBF-8087-CE3EB976F45E}"
EndProject
Project("{FAE04EC0-301F-11D3-BF4B-00C04F79EFBC}") = "MyStack", "MyStack\MyStack.csproj", "{A4777A2A-E60C-43F0-A1BB-87E7DB0EF408}"
EndProject
Global
	GlobalSection(SolutionConfigurationPlatforms) = preSolution
		Debug|Any CPU = Debug|Any CPU
		Release|Any CPU = Release|Any CPU
	EndGlobalSection
	GlobalSection(ProjectConfigurationPlatforms) = postSolution
		{3DDBC450-36E7-48AF-A00C-34F88AF73404}.Debug|Any CPU.ActiveCfg = Debug|Any CPU
		{3DDBC450-36E7-48AF-A00C-34F88AF73404}.Debug|Any CPU.Build.0 = Debug|Any CPU
		{3DDBC450-36E7-48AF-A00C-34F88AF73404}.Release|Any CPU.ActiveCfg = Release|Any CPU
		{3DDBC450-36E7-48AF-A00C-34F88AF73404}.Release|Any CPU.Build.0 = Release|Any CPU
		{114504FC-E3C4-4EBF-8087-CE3EB976F45E}.Debug|Any CPU.ActiveCfg = Debug|Any CPU
		{114504FC-E3C4-4EBF-8087-CE3EB976F45E}.Debug|Any CPU.Build.0 = Debug|Any CPU
		{114504FC-E3C4-4EBF-8087-CE3EB976F45E}.Release|Any CPU.ActiveCfg = Release|Any CPU
		{114504FC-E3C4-4EBF-8087-CE3EB976F45E}.Release|Any CPU.Build.0 = Release|Any CPU
		{A4777A2A-E60C-43F0-A1BB-87E7DB0EF408}.Debug|Any CPU.ActiveCfg = Debug|Any CPU
		{A4777A2A-E60C-43F0-A1BB-87E7DB0EF408}.Debug|Any CPU.Build.0 = Debug|Any CPU
		{A4777A2A-E60C-43F0-A1BB-87E7DB0EF408}.Release|Any CPU.ActiveCfg = Release|Any CPU
		{A4777A2A-E60C-43F0-A1BB-87E7DB0EF408}.Release|Any CPU.Build.0 = Release|Any CPU
	EndGlobalSection
	GlobalSection(SolutionProperties) = preSolution
		HideSolutionNode = FALSE
	EndGlobalSection
	GlobalSection(ExtensibilityGlobals) = postSolution
		SolutionGuid = {E631EAEF-4E51-4124-BE0F-AC77B32B1436}
	EndGlobalSection
EndGlobal
